<?xml version="1.0" encoding="utf-8"?>
<Project ToolsVersion="4.0" xmlns="http://schemas.microsoft.com/developer/msbuild/2003">
  <ItemGroup>
    <ClCompile Include="4D Plugin API\4DPluginAPI.c">
      <Filter>SDK</Filter>
    </ClCompile>
    <ClCompile Include="Win64API.cpp" />
    <ClCompile Include="Registry.cpp" />
  </ItemGroup>
  <ItemGroup>
    <ClInclude Include="4D Plugin API\4DPluginAPI.h">
      <Filter>SDK</Filter>
    </ClInclude>
    <ClInclude Include="4D Plugin API\EntryPoints.h">
      <Filter>SDK</Filter>
    </ClInclude>
    <ClInclude Include="4D Plugin API\Flags.h">
      <Filter>SDK</Filter>
    </ClInclude>
    <ClInclude Include="4D Plugin API\PrivateTypes.h">
      <Filter>SDK</Filter>
    </ClInclude>
    <ClInclude Include="4D Plugin API\PublicTypes.h">
      <Filter>SDK</Filter>
    </ClInclude>
    <ClInclude Include="Win64API.h" />
    <ClInclude Include="Defines.h" />
    <ClInclude Include="Registry.h" />
  </ItemGroup>
  <ItemGroup>
    <None Include="4D Plugin API\4DPluginAPI.def">
      <Filter>SDK</Filter>
    </None>
    <None Include="Win64API.4dbase\Plugins\Win64API.bundle\Contents\Resources\constants.xlf">
      <Filter>Resources</Filter>
    </None>
    <None Include="Win64API.4dbase\Plugins\Win64API.bundle\Contents\manifest.json">
      <Filter>Resources</Filter>
    </None>
  </ItemGroup>
  <ItemGroup>
    <Filter Include="Resources">
      <UniqueIdentifier>{34f42a71-d624-457e-bc29-3dd676eed0df}</UniqueIdentifier>
    </Filter>
    <Filter Include="SDK">
      <UniqueIdentifier>{7ec0b26f-efd0-4b46-a6e2-7c3c42368a9d}</UniqueIdentifier>
    </Filter>
  </ItemGroup>
</Project>